
Microsoft Visual Studio Solution File, Format Version 12.00
# Visual Studio Version 16
VisualStudioVersion = 16.0.29521.150
MinimumVisualStudioVersion = 10.0.40219.1
Project("{9A19103F-16F7-4668-BE54-9A1E7A4F7556}") = "HackyLights", "HackyLights\HackyLights.csproj", "{DC5993D8-09E9-4D69-A009-93DA62A184B7}"
EndProject
Global
	GlobalSection(SolutionConfigurationPlatforms) = preSolution
		Debug|Any CPU = Debug|Any CPU
		Release|Any CPU = Release|Any CPU
	EndGlobalSection
	GlobalSection(ProjectConfigurationPlatforms) = postSolution
		{DC5993D8-09E9-4D69-A009-93DA62A184B7}.Debug|Any CPU.ActiveCfg = Debug|Any CPU
		{DC5993D8-09E9-4D69-A009-93DA62A184B7}.Debug|Any CPU.Build.0 = Debug|Any CPU
		{DC5993D8-09E9-4D69-A009-93DA62A184B7}.Release|Any CPU.ActiveCfg = Release|Any CPU
		{DC5993D8-09E9-4D69-A009-93DA62A184B7}.Release|Any CPU.Build.0 = Release|Any CPU
	EndGlobalSection
	GlobalSection(SolutionProperties) = preSolution
		HideSolutionNode = FALSE
	EndGlobalSection
	GlobalSection(ExtensibilityGlobals) = postSolution
		SolutionGuid = {C4789D60-9B9F-484C-949D-B1A56234D7BB}
	EndGlobalSection
EndGlobal
